// !$*UTF8*$!
{
	archiveVersion = 1;
	classes = {
	};
	objectVersion = 55;
	objects = {

/* Begin PBXBuildFile section */
		941B150D26CDC34900C775E5 /* FullStackNotesApp.swift in Sources */ = {isa = PBXBuildFile; fileRef = 941B150C26CDC34900C775E5 /* FullStackNotesApp.swift */; };
		941B150F26CDC34900C775E5 /* ContentView.swift in Sources */ = {isa = PBXBuildFile; fileRef = 941B150E26CDC34900C775E5 /* ContentView.swift */; };
		941B151126CDC34B00C775E5 /* Assets.xcassets in Resources */ = {isa = PBXBuildFile; fileRef = 941B151026CDC34B00C775E5 /* Assets.xcassets */; };
		941B151426CDC34B00C775E5 /* Preview Assets.xcassets in Resources */ = {isa = PBXBuildFile; fileRef = 941B151326CDC34B00C775E5 /* Preview Assets.xcassets */; };
		941B151E26CDC34B00C775E5 /* FullStackNotesTests.swift in Sources */ = {isa = PBXBuildFile; fileRef = 941B151D26CDC34B00C775E5 /* FullStackNotesTests.swift */; };
		941B152826CDC34B00C775E5 /* FullStackNotesUITests.swift in Sources */ = {isa = PBXBuildFile; fileRef = 941B152726CDC34B00C775E5 /* FullStackNotesUITests.swift */; };
		941B152A26CDC34B00C775E5 /* FullStackNotesUITestsLaunchTests.swift in Sources */ = {isa = PBXBuildFile; fileRef = 941B152926CDC34B00C775E5 /* FullStackNotesUITestsLaunchTests.swift */; };
/* End PBXBuildFile section */

/* Begin PBXContainerItemProxy section */
		941B151A26CDC34B00C775E5 /* PBXContainerItemProxy */ = {
			isa = PBXContainerItemProxy;
			containerPortal = 941B150126CDC34900C775E5 /* Project object */;
			proxyType = 1;
			remoteGlobalIDString = 941B150826CDC34900C775E5;
			remoteInfo = FullStackNotes;
		};
		941B152426CDC34B00C775E5 /* PBXContainerItemProxy */ = {
			isa = PBXContainerItemProxy;
			containerPortal = 941B150126CDC34900C775E5 /* Project object */;
			proxyType = 1;
			remoteGlobalIDString = 941B150826CDC34900C775E5;
			remoteInfo = FullStackNotes;
		};
/* End PBXContainerItemProxy section */

/* Begin PBXFileReference section */
		941B150926CDC34900C775E5 /* FullStackNotes.app */ = {isa = PBXFileReference; explicitFileType = wrapper.application; includeInIndex = 0; path = FullStackNotes.app; sourceTree = BUILT_PRODUCTS_DIR; };
		941B150C26CDC34900C775E5 /* FullStackNotesApp.swift */ = {isa = PBXFileReference; lastKnownFileType = sourcecode.swift; path = FullStackNotesApp.swift; sourceTree = "<group>"; };
		941B150E26CDC34900C775E5 /* ContentView.swift */ = {isa = PBXFileReference; lastKnownFileType = sourcecode.swift; path = ContentView.swift; sourceTree = "<group>"; };
		941B151026CDC34B00C775E5 /* Assets.xcassets */ = {isa = PBXFileReference; lastKnownFileType = folder.assetcatalog; path = Assets.xcassets; sourceTree = "<group>"; };
		941B151326CDC34B00C775E5 /* Preview Assets.xcassets */ = {isa = PBXFileReference; lastKnownFileType = folder.assetcatalog; path = "Preview Assets.xcassets"; sourceTree = "<group>"; };
		941B151926CDC34B00C775E5 /* FullStackNotesTests.xctest */ = {isa = PBXFileReference; explicitFileType = wrapper.cfbundle; includeInIndex = 0; path = FullStackNotesTests.xctest; sourceTree = BUILT_PRODUCTS_DIR; };
		941B151D26CDC34B00C775E5 /* FullStackNotesTests.swift */ = {isa = PBXFileReference; lastKnownFileType = sourcecode.swift; path = FullStackNotesTests.swift; sourceTree = "<group>"; };
		941B152326CDC34B00C775E5 /* FullStackNotesUITests.xctest */ = {isa = PBXFileReference; explicitFileType = wrapper.cfbundle; includeInIndex = 0; path = FullStackNotesUITests.xctest; sourceTree = BUILT_PRODUCTS_DIR; };
		941B152726CDC34B00C775E5 /* FullStackNotesUITests.swift */ = {isa = PBXFileReference; lastKnownFileType = sourcecode.swift; path = FullStackNotesUITests.swift; sourceTree = "<group>"; };
		941B152926CDC34B00C775E5 /* FullStackNotesUITestsLaunchTests.swift */ = {isa = PBXFileReference; lastKnownFileType = sourcecode.swift; path = FullStackNotesUITestsLaunchTests.swift; sourceTree = "<group>"; };
/* End PBXFileReference section */

/* Begin PBXFrameworksBuildPhase section */
		941B150626CDC34900C775E5 /* Frameworks */ = {
			isa = PBXFrameworksBuildPhase;
			buildActionMask = 2147483647;
			files = (
			);
			runOnlyForDeploymentPostprocessing = 0;
		};
		941B151626CDC34B00C775E5 /* Frameworks */ = {
			isa = PBXFrameworksBuildPhase;
			buildActionMask = 2147483647;
			files = (
			);
			runOnlyForDeploymentPostprocessing = 0;
		};
		941B152026CDC34B00C775E5 /* Frameworks */ = {
			isa = PBXFrameworksBuildPhase;
			buildActionMask = 2147483647;
			files = (
			);
			runOnlyForDeploymentPostprocessing = 0;
		};
/* End PBXFrameworksBuildPhase section */

/* Begin PBXGroup section */
		941B150026CDC34900C775E5 = {
			isa = PBXGroup;
			children = (
				941B150B26CDC34900C775E5 /* FullStackNotes */,
				941B151C26CDC34B00C775E5 /* FullStackNotesTests */,
				941B152626CDC34B00C775E5 /* FullStackNotesUITests */,
				941B150A26CDC34900C775E5 /* Products */,
			);
			sourceTree = "<group>";
		};
		941B150A26CDC34900C775E5 /* Products */ = {
			isa = PBXGroup;
			children = (
				941B150926CDC34900C775E5 /* FullStackNotes.app */,
				941B151926CDC34B00C775E5 /* FullStackNotesTests.xctest */,
				941B152326CDC34B00C775E5 /* FullStackNotesUITests.xctest */,
			);
			name = Products;
			sourceTree = "<group>";
		};
		941B150B26CDC34900C775E5 /* FullStackNotes */ = {
			isa = PBXGroup;
			children = (
				941B150C26CDC34900C775E5 /* FullStackNotesApp.swift */,
				941B150E26CDC34900C775E5 /* ContentView.swift */,
				941B151026CDC34B00C775E5 /* Assets.xcassets */,
				941B151226CDC34B00C775E5 /* Preview Content */,
			);
			path = FullStackNotes;
			sourceTree = "<group>";
		};
		941B151226CDC34B00C775E5 /* Preview Content */ = {
			isa = PBXGroup;
			children = (
				941B151326CDC34B00C775E5 /* Preview Assets.xcassets */,
			);
			path = "Preview Content";
			sourceTree = "<group>";
		};
		941B151C26CDC34B00C775E5 /* FullStackNotesTests */ = {
			isa = PBXGroup;
			children = (
				941B151D26CDC34B00C775E5 /* FullStackNotesTests.swift */,
			);
			path = FullStackNotesTests;
			sourceTree = "<group>";
		};
		941B152626CDC34B00C775E5 /* FullStackNotesUITests */ = {
			isa = PBXGroup;
			children = (
				941B152726CDC34B00C775E5 /* FullStackNotesUITests.swift */,
				941B152926CDC34B00C775E5 /* FullStackNotesUITestsLaunchTests.swift */,
			);
			path = FullStackNotesUITests;
			sourceTree = "<group>";
		};
/* End PBXGroup section */

/* Begin PBXNativeTarget section */
		941B150826CDC34900C775E5 /* FullStackNotes */ = {
			isa = PBXNativeTarget;
			buildConfigurationList = 941B152D26CDC34B00C775E5 /* Build configuration list for PBXNativeTarget "FullStackNotes" */;
			buildPhases = (
				941B150526CDC34900C775E5 /* Sources */,
				941B150626CDC34900C775E5 /* Frameworks */,
				941B150726CDC34900C775E5 /* Resources */,
				941B153626CDCAC500C775E5 /* ShellScript */,
			);
			buildRules = (
			);
			dependencies = (
			);
			name = FullStackNotes;
			productName = FullStackNotes;
			productReference = 941B150926CDC34900C775E5 /* FullStackNotes.app */;
			productType = "com.apple.product-type.application";
		};
		941B151826CDC34B00C775E5 /* FullStackNotesTests */ = {
			isa = PBXNativeTarget;
			buildConfigurationList = 941B153026CDC34B00C775E5 /* Build configuration list for PBXNativeTarget "FullStackNotesTests" */;
			buildPhases = (
				941B151526CDC34B00C775E5 /* Sources */,
				941B151626CDC34B00C775E5 /* Frameworks */,
				941B151726CDC34B00C775E5 /* Resources */,
			);
			buildRules = (
			);
			dependencies = (
				941B151B26CDC34B00C775E5 /* PBXTargetDependency */,
			);
			name = FullStackNotesTests;
			productName = FullStackNotesTests;
			productReference = 941B151926CDC34B00C775E5 /* FullStackNotesTests.xctest */;
			productType = "com.apple.product-type.bundle.unit-test";
		};
		941B152226CDC34B00C775E5 /* FullStackNotesUITests */ = {
			isa = PBXNativeTarget;
			buildConfigurationList = 941B153326CDC34B00C775E5 /* Build configuration list for PBXNativeTarget "FullStackNotesUITests" */;
			buildPhases = (
				941B151F26CDC34B00C775E5 /* Sources */,
				941B152026CDC34B00C775E5 /* Frameworks */,
				941B152126CDC34B00C775E5 /* Resources */,
			);
			buildRules = (
			);
			dependencies = (
				941B152526CDC34B00C775E5 /* PBXTargetDependency */,
			);
			name = FullStackNotesUITests;
			productName = FullStackNotesUITests;
			productReference = 941B152326CDC34B00C775E5 /* FullStackNotesUITests.xctest */;
			productType = "com.apple.product-type.bundle.ui-testing";
		};
/* End PBXNativeTarget section */

/* Begin PBXProject section */
		941B150126CDC34900C775E5 /* Project object */ = {
			isa = PBXProject;
			attributes = {
				BuildIndependentTargetsInParallel = 1;
				LastSwiftUpdateCheck = 1300;
				LastUpgradeCheck = 1300;
				TargetAttributes = {
					941B150826CDC34900C775E5 = {
						CreatedOnToolsVersion = 13.0;
					};
					941B151826CDC34B00C775E5 = {
						CreatedOnToolsVersion = 13.0;
						TestTargetID = 941B150826CDC34900C775E5;
					};
					941B152226CDC34B00C775E5 = {
						CreatedOnToolsVersion = 13.0;
						TestTargetID = 941B150826CDC34900C775E5;
					};
				};
			};
			buildConfigurationList = 941B150426CDC34900C775E5 /* Build configuration list for PBXProject "FullStackNotes" */;
			compatibilityVersion = "Xcode 13.0";
			developmentRegion = en;
			hasScannedForEncodings = 0;
			knownRegions = (
				en,
				Base,
			);
			mainGroup = 941B150026CDC34900C775E5;
			productRefGroup = 941B150A26CDC34900C775E5 /* Products */;
			projectDirPath = "";
			projectRoot = "";
			targets = (
				941B150826CDC34900C775E5 /* FullStackNotes */,
				941B151826CDC34B00C775E5 /* FullStackNotesTests */,
				941B152226CDC34B00C775E5 /* FullStackNotesUITests */,
			);
		};
/* End PBXProject section */

/* Begin PBXResourcesBuildPhase section */
		941B150726CDC34900C775E5 /* Resources */ = {
			isa = PBXResourcesBuildPhase;
			buildActionMask = 2147483647;
			files = (
				941B151426CDC34B00C775E5 /* Preview Assets.xcassets in Resources */,
				941B151126CDC34B00C775E5 /* Assets.xcassets in Resources */,
			);
			runOnlyForDeploymentPostprocessing = 0;
		};
		941B151726CDC34B00C775E5 /* Resources */ = {
			isa = PBXResourcesBuildPhase;
			buildActionMask = 2147483647;
			files = (
			);
			runOnlyForDeploymentPostprocessing = 0;
		};
		941B152126CDC34B00C775E5 /* Resources */ = {
			isa = PBXResourcesBuildPhase;
			buildActionMask = 2147483647;
			files = (
			);
			runOnlyForDeploymentPostprocessing = 0;
		};
/* End PBXResourcesBuildPhase section */

/* Begin PBXShellScriptBuildPhase section */
		941B153626CDCAC500C775E5 /* ShellScript */ = {
			isa = PBXShellScriptBuildPhase;
			buildActionMask = 2147483647;
			files = (
			);
			inputFileListPaths = (
			);
			inputPaths = (
			);
			outputFileListPaths = (
			);
			outputPaths = (
			);
			runOnlyForDeploymentPostprocessing = 0;
			shellPath = /bin/sh;
			shellScript = "# Type a script or drag a script file from your workspace to insert its path.\nif which swiftlint >/dev/null; then\n  swiftlint\nelse\n  echo \"warning: SwiftLint not installed, download from https://github.com/realm/SwiftLint\"\nfi\n";
		};
/* End PBXShellScriptBuildPhase section */

/* Begin PBXSourcesBuildPhase section */
		941B150526CDC34900C775E5 /* Sources */ = {
			isa = PBXSourcesBuildPhase;
			buildActionMask = 2147483647;
			files = (
				941B150F26CDC34900C775E5 /* ContentView.swift in Sources */,
				941B150D26CDC34900C775E5 /* FullStackNotesApp.swift in Sources */,
			);
			runOnlyForDeploymentPostprocessing = 0;
		};
		941B151526CDC34B00C775E5 /* Sources */ = {
			isa = PBXSourcesBuildPhase;
			buildActionMask = 2147483647;
			files = (
				941B151E26CDC34B00C775E5 /* FullStackNotesTests.swift in Sources */,
			);
			runOnlyForDeploymentPostprocessing = 0;
		};
		941B151F26CDC34B00C775E5 /* Sources */ = {
			isa = PBXSourcesBuildPhase;
			buildActionMask = 2147483647;
			files = (
				941B152A26CDC34B00C775E5 /* FullStackNotesUITestsLaunchTests.swift in Sources */,
				941B152826CDC34B00C775E5 /* FullStackNotesUITests.swift in Sources */,
			);
			runOnlyForDeploymentPostprocessing = 0;
		};
/* End PBXSourcesBuildPhase section */

/* Begin PBXTargetDependency section */
		941B151B26CDC34B00C775E5 /* PBXTargetDependency */ = {
			isa = PBXTargetDependency;
			target = 941B150826CDC34900C775E5 /* FullStackNotes */;
			targetProxy = 941B151A26CDC34B00C775E5 /* PBXContainerItemProxy */;
		};
		941B152526CDC34B00C775E5 /* PBXTargetDependency */ = {
			isa = PBXTargetDependency;
			target = 941B150826CDC34900C775E5 /* FullStackNotes */;
			targetProxy = 941B152426CDC34B00C775E5 /* PBXContainerItemProxy */;
		};
/* End PBXTargetDependency section */

/* Begin XCBuildConfiguration section */
		941B152B26CDC34B00C775E5 /* Debug */ = {
			isa = XCBuildConfiguration;
			buildSettings = {
				ALWAYS_SEARCH_USER_PATHS = NO;
				CLANG_ANALYZER_NONNULL = YES;
				CLANG_ANALYZER_NUMBER_OBJECT_CONVERSION = YES_AGGRESSIVE;
				CLANG_CXX_LANGUAGE_STANDARD = "gnu++17";
				CLANG_CXX_LIBRARY = "libc++";
				CLANG_ENABLE_MODULES = YES;
				CLANG_ENABLE_OBJC_ARC = YES;
				CLANG_ENABLE_OBJC_WEAK = YES;
				CLANG_WARN_BLOCK_CAPTURE_AUTORELEASING = YES;
				CLANG_WARN_BOOL_CONVERSION = YES;
				CLANG_WARN_COMMA = YES;
				CLANG_WARN_CONSTANT_CONVERSION = YES;
				CLANG_WARN_DEPRECATED_OBJC_IMPLEMENTATIONS = YES;
				CLANG_WARN_DIRECT_OBJC_ISA_USAGE = YES_ERROR;
				CLANG_WARN_DOCUMENTATION_COMMENTS = YES;
				CLANG_WARN_EMPTY_BODY = YES;
				CLANG_WARN_ENUM_CONVERSION = YES;
				CLANG_WARN_INFINITE_RECURSION = YES;
				CLANG_WARN_INT_CONVERSION = YES;
				CLANG_WARN_NON_LITERAL_NULL_CONVERSION = YES;
				CLANG_WARN_OBJC_IMPLICIT_RETAIN_SELF = YES;
				CLANG_WARN_OBJC_LITERAL_CONVERSION = YES;
				CLANG_WARN_OBJC_ROOT_CLASS = YES_ERROR;
				CLANG_WARN_QUOTED_INCLUDE_IN_FRAMEWORK_HEADER = YES;
				CLANG_WARN_RANGE_LOOP_ANALYSIS = YES;
				CLANG_WARN_STRICT_PROTOTYPES = YES;
				CLANG_WARN_SUSPICIOUS_MOVE = YES;
				CLANG_WARN_UNGUARDED_AVAILABILITY = YES_AGGRESSIVE;
				CLANG_WARN_UNREACHABLE_CODE = YES;
				CLANG_WARN__DUPLICATE_METHOD_MATCH = YES;
				COPY_PHASE_STRIP = NO;
				DEBUG_INFORMATION_FORMAT = dwarf;
				ENABLE_STRICT_OBJC_MSGSEND = YES;
				ENABLE_TESTABILITY = YES;
				GCC_C_LANGUAGE_STANDARD = gnu11;
				GCC_DYNAMIC_NO_PIC = NO;
				GCC_NO_COMMON_BLOCKS = YES;
				GCC_OPTIMIZATION_LEVEL = 0;
				GCC_PREPROCESSOR_DEFINITIONS = (
					"DEBUG=1",
					"$(inherited)",
				);
				GCC_WARN_64_TO_32_BIT_CONVERSION = YES;
				GCC_WARN_ABOUT_RETURN_TYPE = YES_ERROR;
				GCC_WARN_UNDECLARED_SELECTOR = YES;
				GCC_WARN_UNINITIALIZED_AUTOS = YES_AGGRESSIVE;
				GCC_WARN_UNUSED_FUNCTION = YES;
				GCC_WARN_UNUSED_VARIABLE = YES;
				IPHONEOS_DEPLOYMENT_TARGET = 15.0;
				MTL_ENABLE_DEBUG_INFO = INCLUDE_SOURCE;
				MTL_FAST_MATH = YES;
				ONLY_ACTIVE_ARCH = YES;
				SDKROOT = iphoneos;
				SWIFT_ACTIVE_COMPILATION_CONDITIONS = DEBUG;
				SWIFT_OPTIMIZATION_LEVEL = "-Onone";
			};
			name = Debug;
		};
		941B152C26CDC34B00C775E5 /* Release */ = {
			isa = XCBuildConfiguration;
			buildSettings = {
				ALWAYS_SEARCH_USER_PATHS = NO;
				CLANG_ANALYZER_NONNULL = YES;
				CLANG_ANALYZER_NUMBER_OBJECT_CONVERSION = YES_AGGRESSIVE;
				CLANG_CXX_LANGUAGE_STANDARD = "gnu++17";
				CLANG_CXX_LIBRARY = "libc++";
				CLANG_ENABLE_MODULES = YES;
				CLANG_ENABLE_OBJC_ARC = YES;
				CLANG_ENABLE_OBJC_WEAK = YES;
				CLANG_WARN_BLOCK_CAPTURE_AUTORELEASING = YES;
				CLANG_WARN_BOOL_CONVERSION = YES;
				CLANG_WARN_COMMA = YES;
				CLANG_WARN_CONSTANT_CONVERSION = YES;
				CLANG_WARN_DEPRECATED_OBJC_IMPLEMENTATIONS = YES;
				CLANG_WARN_DIRECT_OBJC_ISA_USAGE = YES_ERROR;
				CLANG_WARN_DOCUMENTATION_COMMENTS = YES;
				CLANG_WARN_EMPTY_BODY = YES;
				CLANG_WARN_ENUM_CONVERSION = YES;
				CLANG_WARN_INFINITE_RECURSION = YES;
				CLANG_WARN_INT_CONVERSION = YES;
				CLANG_WARN_NON_LITERAL_NULL_CONVERSION = YES;
				CLANG_WARN_OBJC_IMPLICIT_RETAIN_SELF = YES;
				CLANG_WARN_OBJC_LITERAL_CONVERSION = YES;
				CLANG_WARN_OBJC_ROOT_CLASS = YES_ERROR;
				CLANG_WARN_QUOTED_INCLUDE_IN_FRAMEWORK_HEADER = YES;
				CLANG_WARN_RANGE_LOOP_ANALYSIS = YES;
				CLANG_WARN_STRICT_PROTOTYPES = YES;
				CLANG_WARN_SUSPICIOUS_MOVE = YES;
				CLANG_WARN_UNGUARDED_AVAILABILITY = YES_AGGRESSIVE;
				CLANG_WARN_UNREACHABLE_CODE = YES;
				CLANG_WARN__DUPLICATE_METHOD_MATCH = YES;
				COPY_PHASE_STRIP = NO;
				DEBUG_INFORMATION_FORMAT = "dwarf-with-dsym";
				ENABLE_NS_ASSERTIONS = NO;
				ENABLE_STRICT_OBJC_MSGSEND = YES;
				GCC_C_LANGUAGE_STANDARD = gnu11;
				GCC_NO_COMMON_BLOCKS = YES;
				GCC_WARN_64_TO_32_BIT_CONVERSION = YES;
				GCC_WARN_ABOUT_RETURN_TYPE = YES_ERROR;
				GCC_WARN_UNDECLARED_SELECTOR = YES;
				GCC_WARN_UNINITIALIZED_AUTOS = YES_AGGRESSIVE;
				GCC_WARN_UNUSED_FUNCTION = YES;
				GCC_WARN_UNUSED_VARIABLE = YES;
				IPHONEOS_DEPLOYMENT_TARGET = 15.0;
				MTL_ENABLE_DEBUG_INFO = NO;
				MTL_FAST_MATH = YES;
				SDKROOT = iphoneos;
				SWIFT_COMPILATION_MODE = wholemodule;
				SWIFT_OPTIMIZATION_LEVEL = "-O";
				VALIDATE_PRODUCT = YES;
			};
			name = Release;
		};
		941B152E26CDC34B00C775E5 /* Debug */ = {
			isa = XCBuildConfiguration;
			buildSettings = {
				ASSETCATALOG_COMPILER_APPICON_NAME = AppIcon;
				ASSETCATALOG_COMPILER_GLOBAL_ACCENT_COLOR_NAME = AccentColor;
				CODE_SIGN_STYLE = Automatic;
				CURRENT_PROJECT_VERSION = 1;
				DEVELOPMENT_ASSET_PATHS = "\"FullStackNotes/Preview Content\"";
				DEVELOPMENT_TEAM = 77ZMZ9S3J5;
				ENABLE_PREVIEWS = YES;
				GENERATE_INFOPLIST_FILE = YES;
				INFOPLIST_KEY_UIApplicationSceneManifest_Generation = YES;
				INFOPLIST_KEY_UIApplicationSupportsIndirectInputEvents = YES;
				INFOPLIST_KEY_UILaunchScreen_Generation = YES;
				INFOPLIST_KEY_UISupportedInterfaceOrientations_iPad = "UIInterfaceOrientationPortrait UIInterfaceOrientationPortraitUpsideDown UIInterfaceOrientationLandscapeLeft UIInterfaceOrientationLandscapeRight";
				INFOPLIST_KEY_UISupportedInterfaceOrientations_iPhone = "UIInterfaceOrientationPortrait UIInterfaceOrientationLandscapeLeft UIInterfaceOrientationLandscapeRight";
				IPHONEOS_DEPLOYMENT_TARGET = 14.0;
				LD_RUNPATH_SEARCH_PATHS = (
					"$(inherited)",
					"@executable_path/Frameworks",
				);
				MARKETING_VERSION = 1.0;
				PRODUCT_BUNDLE_IDENTIFIER = com.UDT.FullStackNotes;
				PRODUCT_NAME = "$(TARGET_NAME)";
				SWIFT_EMIT_LOC_STRINGS = YES;
				SWIFT_VERSION = 5.0;
				TARGETED_DEVICE_FAMILY = "1,2";
			};
			name = Debug;
		};
		941B152F26CDC34B00C775E5 /* Release */ = {
			isa = XCBuildConfiguration;
			buildSettings = {
				ASSETCATALOG_COMPILER_APPICON_NAME = AppIcon;
				ASSETCATALOG_COMPILER_GLOBAL_ACCENT_COLOR_NAME = AccentColor;
				CODE_SIGN_STYLE = Automatic;
				CURRENT_PROJECT_VERSION = 1;
				DEVELOPMENT_ASSET_PATHS = "\"FullStackNotes/Preview Content\"";
				DEVELOPMENT_TEAM = 77ZMZ9S3J5;
				ENABLE_PREVIEWS = YES;
				GENERATE_INFOPLIST_FILE = YES;
				INFOPLIST_KEY_UIApplicationSceneManifest_Generation = YES;
				INFOPLIST_KEY_UIApplicationSupportsIndirectInputEvents = YES;
				INFOPLIST_KEY_UILaunchScreen_Generation = YES;
				INFOPLIST_KEY_UISupportedInterfaceOrientations_iPad = "UIInterfaceOrientationPortrait UIInterfaceOrientationPortraitUpsideDown UIInterfaceOrientationLandscapeLeft UIInterfaceOrientationLandscapeRight";
				INFOPLIST_KEY_UISupportedInterfaceOrientations_iPhone = "UIInterfaceOrientationPortrait UIInterfaceOrientationLandscapeLeft UIInterfaceOrientationLandscapeRight";
				IPHONEOS_DEPLOYMENT_TARGET = 14.0;
				LD_RUNPATH_SEARCH_PATHS = (
					"$(inherited)",
					"@executable_path/Frameworks",
				);
				MARKETING_VERSION = 1.0;
				PRODUCT_BUNDLE_IDENTIFIER = com.UDT.FullStackNotes;
				PRODUCT_NAME = "$(TARGET_NAME)";
				SWIFT_EMIT_LOC_STRINGS = YES;
				SWIFT_VERSION = 5.0;
				TARGETED_DEVICE_FAMILY = "1,2";
			};
			name = Release;
		};
		941B153126CDC34B00C775E5 /* Debug */ = {
			isa = XCBuildConfiguration;
			buildSettings = {
				ALWAYS_EMBED_SWIFT_STANDARD_LIBRARIES = YES;
				BUNDLE_LOADER = "$(TEST_HOST)";
				CODE_SIGN_STYLE = Automatic;
				CURRENT_PROJECT_VERSION = 1;
				DEVELOPMENT_TEAM = 77ZMZ9S3J5;
				GENERATE_INFOPLIST_FILE = YES;
				IPHONEOS_DEPLOYMENT_TARGET = 14.0;
				LD_RUNPATH_SEARCH_PATHS = (
					"$(inherited)",
					"@executable_path/Frameworks",
					"@loader_path/Frameworks",
				);
				MARKETING_VERSION = 1.0;
				PRODUCT_BUNDLE_IDENTIFIER = com.UDT.FullStackNotesTests;
				PRODUCT_NAME = "$(TARGET_NAME)";
				SWIFT_EMIT_LOC_STRINGS = NO;
				SWIFT_VERSION = 5.0;
				TARGETED_DEVICE_FAMILY = "1,2";
				TEST_HOST = "$(BUILT_PRODUCTS_DIR)/FullStackNotes.app/FullStackNotes";
			};
			name = Debug;
		};
		941B153226CDC34B00C775E5 /* Release */ = {
			isa = XCBuildConfiguration;
			buildSettings = {
				ALWAYS_EMBED_SWIFT_STANDARD_LIBRARIES = YES;
				BUNDLE_LOADER = "$(TEST_HOST)";
				CODE_SIGN_STYLE = Automatic;
				CURRENT_PROJECT_VERSION = 1;
				DEVELOPMENT_TEAM = 77ZMZ9S3J5;
				GENERATE_INFOPLIST_FILE = YES;
				IPHONEOS_DEPLOYMENT_TARGET = 14.0;
				LD_RUNPATH_SEARCH_PATHS = (
					"$(inherited)",
					"@executable_path/Frameworks",
					"@loader_path/Frameworks",
				);
				MARKETING_VERSION = 1.0;
				PRODUCT_BUNDLE_IDENTIFIER = com.UDT.FullStackNotesTests;
				PRODUCT_NAME = "$(TARGET_NAME)";
				SWIFT_EMIT_LOC_STRINGS = NO;
				SWIFT_VERSION = 5.0;
				TARGETED_DEVICE_FAMILY = "1,2";
				TEST_HOST = "$(BUILT_PRODUCTS_DIR)/FullStackNotes.app/FullStackNotes";
			};
			name = Release;
		};
		941B153426CDC34B00C775E5 /* Debug */ = {
			isa = XCBuildConfiguration;
			buildSettings = {
				ALWAYS_EMBED_SWIFT_STANDARD_LIBRARIES = YES;
				CODE_SIGN_STYLE = Automatic;
				CURRENT_PROJECT_VERSION = 1;
				DEVELOPMENT_TEAM = 77ZMZ9S3J5;
				GENERATE_INFOPLIST_FILE = YES;
				LD_RUNPATH_SEARCH_PATHS = (
					"$(inherited)",
					"@executable_path/Frameworks",
					"@loader_path/Frameworks",
				);
				MARKETING_VERSION = 1.0;
				PRODUCT_BUNDLE_IDENTIFIER = com.UDT.FullStackNotesUITests;
				PRODUCT_NAME = "$(TARGET_NAME)";
				SWIFT_EMIT_LOC_STRINGS = NO;
				SWIFT_VERSION = 5.0;
				TARGETED_DEVICE_FAMILY = "1,2";
				TEST_TARGET_NAME = FullStackNotes;
			};
			name = Debug;
		};
		941B153526CDC34B00C775E5 /* Release */ = {
			isa = XCBuildConfiguration;
			buildSettings = {
				ALWAYS_EMBED_SWIFT_STANDARD_LIBRARIES = YES;
				CODE_SIGN_STYLE = Automatic;
				CURRENT_PROJECT_VERSION = 1;
				DEVELOPMENT_TEAM = 77ZMZ9S3J5;
				GENERATE_INFOPLIST_FILE = YES;
				LD_RUNPATH_SEARCH_PATHS = (
					"$(inherited)",
					"@executable_path/Frameworks",
					"@loader_path/Frameworks",
				);
				MARKETING_VERSION = 1.0;
				PRODUCT_BUNDLE_IDENTIFIER = com.UDT.FullStackNotesUITests;
				PRODUCT_NAME = "$(TARGET_NAME)";
				SWIFT_EMIT_LOC_STRINGS = NO;
				SWIFT_VERSION = 5.0;
				TARGETED_DEVICE_FAMILY = "1,2";
				TEST_TARGET_NAME = FullStackNotes;
			};
			name = Release;
		};
/* End XCBuildConfiguration section */

/* Begin XCConfigurationList section */
		941B150426CDC34900C775E5 /* Build configuration list for PBXProject "FullStackNotes" */ = {
			isa = XCConfigurationList;
			buildConfigurations = (
				941B152B26CDC34B00C775E5 /* Debug */,
				941B152C26CDC34B00C775E5 /* Release */,
			);
			defaultConfigurationIsVisible = 0;
			defaultConfigurationName = Release;
		};
		941B152D26CDC34B00C775E5 /* Build configuration list for PBXNativeTarget "FullStackNotes" */ = {
			isa = XCConfigurationList;
			buildConfigurations = (
				941B152E26CDC34B00C775E5 /* Debug */,
				941B152F26CDC34B00C775E5 /* Release */,
			);
			defaultConfigurationIsVisible = 0;
			defaultConfigurationName = Release;
		};
		941B153026CDC34B00C775E5 /* Build configuration list for PBXNativeTarget "FullStackNotesTests" */ = {
			isa = XCConfigurationList;
			buildConfigurations = (
				941B153126CDC34B00C775E5 /* Debug */,
				941B153226CDC34B00C775E5 /* Release */,
			);
			defaultConfigurationIsVisible = 0;
			defaultConfigurationName = Release;
		};
		941B153326CDC34B00C775E5 /* Build configuration list for PBXNativeTarget "FullStackNotesUITests" */ = {
			isa = XCConfigurationList;
			buildConfigurations = (
				941B153426CDC34B00C775E5 /* Debug */,
				941B153526CDC34B00C775E5 /* Release */,
			);
			defaultConfigurationIsVisible = 0;
			defaultConfigurationName = Release;
		};
/* End XCConfigurationList section */
	};
	rootObject = 941B150126CDC34900C775E5 /* Project object */;
}
